
Microsoft Visual Studio Solution File, Format Version 12.00
# Visual Studio 15
VisualStudioVersion = 15.0.27428.2043
MinimumVisualStudioVersion = 10.0.40219.1
Project("{FAE04EC0-301F-11D3-BF4B-00C04F79EFBC}") = "DescubraOAssassino.Domain", "DescubraOAssassino.Domain\DescubraOAssassino.Domain.csproj", "{66A7C2BC-EFD3-4858-BCCE-BF05DBEC69E0}"
EndProject
Project("{FAE04EC0-301F-11D3-BF4B-00C04F79EFBC}") = "DescubraOAssassino.Domain.Tests", "DescubraOAssassino.Domain.Tests\DescubraOAssassino.Domain.Tests.csproj", "{775DFFAB-8D9D-43C5-A20F-E94378CE0189}"
EndProject
Project("{FAE04EC0-301F-11D3-BF4B-00C04F79EFBC}") = "DescubraOAssassino.Infra", "DescubraOAssassino.Infra\DescubraOAssassino.Infra.csproj", "{E8713165-BB66-4E94-A289-940D0274B379}"
EndProject
Project("{FAE04EC0-301F-11D3-BF4B-00C04F79EFBC}") = "DescubraOAssassino.IoC", "DescubraOAssassino.IoC\DescubraOAssassino.IoC.csproj", "{97BF9C34-8FFE-4734-9CEC-76235A78588E}"
EndProject
Project("{FAE04EC0-301F-11D3-BF4B-00C04F79EFBC}") = "DescubraOAssassino.Web", "DescubraOAssassino.Web\DescubraOAssassino.Web.csproj", "{7B9778E2-067F-4F56-BC9D-0BDE249AD96B}"
EndProject
Project("{2150E333-8FDC-42A3-9474-1A3956D46DE8}") = "Solution Items", "Solution Items", "{691DD935-1685-4F61-A288-3248781DD7D2}"
	ProjectSection(SolutionItems) = preProject
		README.md = README.md
	EndProjectSection
EndProject
Global
	GlobalSection(SolutionConfigurationPlatforms) = preSolution
		Debug|Any CPU = Debug|Any CPU
		Release|Any CPU = Release|Any CPU
	EndGlobalSection
	GlobalSection(ProjectConfigurationPlatforms) = postSolution
		{66A7C2BC-EFD3-4858-BCCE-BF05DBEC69E0}.Debug|Any CPU.ActiveCfg = Debug|Any CPU
		{66A7C2BC-EFD3-4858-BCCE-BF05DBEC69E0}.Debug|Any CPU.Build.0 = Debug|Any CPU
		{66A7C2BC-EFD3-4858-BCCE-BF05DBEC69E0}.Release|Any CPU.ActiveCfg = Release|Any CPU
		{66A7C2BC-EFD3-4858-BCCE-BF05DBEC69E0}.Release|Any CPU.Build.0 = Release|Any CPU
		{775DFFAB-8D9D-43C5-A20F-E94378CE0189}.Debug|Any CPU.ActiveCfg = Debug|Any CPU
		{775DFFAB-8D9D-43C5-A20F-E94378CE0189}.Debug|Any CPU.Build.0 = Debug|Any CPU
		{775DFFAB-8D9D-43C5-A20F-E94378CE0189}.Release|Any CPU.ActiveCfg = Release|Any CPU
		{775DFFAB-8D9D-43C5-A20F-E94378CE0189}.Release|Any CPU.Build.0 = Release|Any CPU
		{E8713165-BB66-4E94-A289-940D0274B379}.Debug|Any CPU.ActiveCfg = Debug|Any CPU
		{E8713165-BB66-4E94-A289-940D0274B379}.Debug|Any CPU.Build.0 = Debug|Any CPU
		{E8713165-BB66-4E94-A289-940D0274B379}.Release|Any CPU.ActiveCfg = Release|Any CPU
		{E8713165-BB66-4E94-A289-940D0274B379}.Release|Any CPU.Build.0 = Release|Any CPU
		{97BF9C34-8FFE-4734-9CEC-76235A78588E}.Debug|Any CPU.ActiveCfg = Debug|Any CPU
		{97BF9C34-8FFE-4734-9CEC-76235A78588E}.Debug|Any CPU.Build.0 = Debug|Any CPU
		{97BF9C34-8FFE-4734-9CEC-76235A78588E}.Release|Any CPU.ActiveCfg = Release|Any CPU
		{97BF9C34-8FFE-4734-9CEC-76235A78588E}.Release|Any CPU.Build.0 = Release|Any CPU
		{7B9778E2-067F-4F56-BC9D-0BDE249AD96B}.Debug|Any CPU.ActiveCfg = Debug|Any CPU
		{7B9778E2-067F-4F56-BC9D-0BDE249AD96B}.Debug|Any CPU.Build.0 = Debug|Any CPU
		{7B9778E2-067F-4F56-BC9D-0BDE249AD96B}.Release|Any CPU.ActiveCfg = Release|Any CPU
		{7B9778E2-067F-4F56-BC9D-0BDE249AD96B}.Release|Any CPU.Build.0 = Release|Any CPU
	EndGlobalSection
	GlobalSection(SolutionProperties) = preSolution
		HideSolutionNode = FALSE
	EndGlobalSection
	GlobalSection(ExtensibilityGlobals) = postSolution
		SolutionGuid = {E5FFBD72-80BD-4417-895F-E17F9A0AB1F4}
	EndGlobalSection
EndGlobal
